
Microsoft Visual Studio Solution File, Format Version 12.00
# Visual Studio Version 16
VisualStudioVersion = 16.0.30711.63
MinimumVisualStudioVersion = 10.0.40219.1
Project("{FAE04EC0-301F-11D3-BF4B-00C04F79EFBC}") = "TaskManager", "TaskManager.csproj", "{40A435BA-D5BE-4C64-A3A4-D90F9BE4EFC5}"
EndProject
Global
	GlobalSection(SolutionConfigurationPlatforms) = preSolution
		Debug|Any CPU = Debug|Any CPU
		Release|Any CPU = Release|Any CPU
	EndGlobalSection
	GlobalSection(ProjectConfigurationPlatforms) = postSolution
		{40A435BA-D5BE-4C64-A3A4-D90F9BE4EFC5}.Debug|Any CPU.ActiveCfg = Debug|Any CPU
		{40A435BA-D5BE-4C64-A3A4-D90F9BE4EFC5}.Debug|Any CPU.Build.0 = Debug|Any CPU
		{40A435BA-D5BE-4C64-A3A4-D90F9BE4EFC5}.Release|Any CPU.ActiveCfg = Release|Any CPU
		{40A435BA-D5BE-4C64-A3A4-D90F9BE4EFC5}.Release|Any CPU.Build.0 = Release|Any CPU
	EndGlobalSection
	GlobalSection(SolutionProperties) = preSolution
		HideSolutionNode = FALSE
	EndGlobalSection
	GlobalSection(ExtensibilityGlobals) = postSolution
		SolutionGuid = {E1DB8215-242B-4A6F-ADF5-E0EDF14B180F}
	EndGlobalSection
EndGlobal
